
Microsoft Visual Studio Solution File, Format Version 12.00
# Visual Studio Version 16
VisualStudioVersion = 16.0.29201.188
MinimumVisualStudioVersion = 10.0.40219.1
Project("{FAE04EC0-301F-11D3-BF4B-00C04F79EFBC}") = "ContosoUniversity", "ContosoUniversity\ContosoUniversity.csproj", "{1BBFC596-DF42-47E3-A97A-EDC825696A98}"
EndProject
Global
	GlobalSection(SolutionConfigurationPlatforms) = preSolution
		Debug|Any CPU = Debug|Any CPU
		Release|Any CPU = Release|Any CPU
	EndGlobalSection
	GlobalSection(ProjectConfigurationPlatforms) = postSolution
		{1BBFC596-DF42-47E3-A97A-EDC825696A98}.Debug|Any CPU.ActiveCfg = Debug|Any CPU
		{1BBFC596-DF42-47E3-A97A-EDC825696A98}.Debug|Any CPU.Build.0 = Debug|Any CPU
		{1BBFC596-DF42-47E3-A97A-EDC825696A98}.Release|Any CPU.ActiveCfg = Release|Any CPU
		{1BBFC596-DF42-47E3-A97A-EDC825696A98}.Release|Any CPU.Build.0 = Release|Any CPU
	EndGlobalSection
	GlobalSection(SolutionProperties) = preSolution
		HideSolutionNode = FALSE
	EndGlobalSection
	GlobalSection(ExtensibilityGlobals) = postSolution
		SolutionGuid = {CE365334-278C-40F5-928D-024213A279DF}
	EndGlobalSection
EndGlobal
