
Microsoft Visual Studio Solution File, Format Version 12.00
# Visual Studio Version 16
VisualStudioVersion = 16.0.29201.188
MinimumVisualStudioVersion = 10.0.40219.1
Project("{FAE04EC0-301F-11D3-BF4B-00C04F79EFBC}") = "CarInsurance", "CarInsurance\CarInsurance.csproj", "{CBFF57D0-1EF5-492C-A975-31671D91FA97}"
EndProject
Global
	GlobalSection(SolutionConfigurationPlatforms) = preSolution
		Debug|Any CPU = Debug|Any CPU
		Release|Any CPU = Release|Any CPU
	EndGlobalSection
	GlobalSection(ProjectConfigurationPlatforms) = postSolution
		{CBFF57D0-1EF5-492C-A975-31671D91FA97}.Debug|Any CPU.ActiveCfg = Debug|Any CPU
		{CBFF57D0-1EF5-492C-A975-31671D91FA97}.Debug|Any CPU.Build.0 = Debug|Any CPU
		{CBFF57D0-1EF5-492C-A975-31671D91FA97}.Release|Any CPU.ActiveCfg = Release|Any CPU
		{CBFF57D0-1EF5-492C-A975-31671D91FA97}.Release|Any CPU.Build.0 = Release|Any CPU
	EndGlobalSection
	GlobalSection(SolutionProperties) = preSolution
		HideSolutionNode = FALSE
	EndGlobalSection
	GlobalSection(ExtensibilityGlobals) = postSolution
		SolutionGuid = {581D431D-7BF2-473D-9F09-BE5CE05D8B8D}
	EndGlobalSection
EndGlobal
